
Microsoft Visual Studio Solution File, Format Version 11.00
# Visual Studio 2010
Project("{FAE04EC0-301F-11D3-BF4B-00C04F79EFBC}") = "RooChat", "RooChat\RooChat.csproj", "{ED7956AE-535D-4A50-8BA1-0180F525A964}"
EndProject
Project("{FAE04EC0-301F-11D3-BF4B-00C04F79EFBC}") = "RooChat.Models", "RooChat.Models\RooChat.Models.csproj", "{65FDA494-DD84-46EF-A43B-CFBA267DCE2E}"
EndProject
Project("{2150E333-8FDC-42A3-9474-1A3956D46DE8}") = "Solution Items", "Solution Items", "{17C09502-4692-45D2-A626-E48CBDD00EA6}"
EndProject
Global
	GlobalSection(TestCaseManagementSettings) = postSolution
		CategoryFile = RooChat.vsmdi
	EndGlobalSection
	GlobalSection(SolutionConfigurationPlatforms) = preSolution
		Debug|Any CPU = Debug|Any CPU
		Release|Any CPU = Release|Any CPU
	EndGlobalSection
	GlobalSection(ProjectConfigurationPlatforms) = postSolution
		{ED7956AE-535D-4A50-8BA1-0180F525A964}.Debug|Any CPU.ActiveCfg = Debug|Any CPU
		{ED7956AE-535D-4A50-8BA1-0180F525A964}.Debug|Any CPU.Build.0 = Debug|Any CPU
		{ED7956AE-535D-4A50-8BA1-0180F525A964}.Release|Any CPU.ActiveCfg = Release|Any CPU
		{ED7956AE-535D-4A50-8BA1-0180F525A964}.Release|Any CPU.Build.0 = Release|Any CPU
		{65FDA494-DD84-46EF-A43B-CFBA267DCE2E}.Debug|Any CPU.ActiveCfg = Debug|Any CPU
		{65FDA494-DD84-46EF-A43B-CFBA267DCE2E}.Debug|Any CPU.Build.0 = Debug|Any CPU
		{65FDA494-DD84-46EF-A43B-CFBA267DCE2E}.Release|Any CPU.ActiveCfg = Release|Any CPU
		{65FDA494-DD84-46EF-A43B-CFBA267DCE2E}.Release|Any CPU.Build.0 = Release|Any CPU
	EndGlobalSection
	GlobalSection(SolutionProperties) = preSolution
		HideSolutionNode = FALSE
	EndGlobalSection
EndGlobal
